
Microsoft Visual Studio Solution File, Format Version 12.00
# Visual Studio Version 17
VisualStudioVersion = 17.11.35303.130
MinimumVisualStudioVersion = 10.0.40219.1
Project("{9A19103F-16F7-4668-BE54-9A1E7A4F7556}") = "DatingApp-API", "DatingApp-API\DatingApp-API.csproj", "{A708C042-3CB4-4302-8DF7-1BA0D9F83B40}"
EndProject
Project("{FAE04EC0-301F-11D3-BF4B-00C04F79EFBC}") = "DatingApp-API.Test", "DatingApp-API.Test\DatingApp-API.Test.csproj", "{147DFF28-BB29-4B8B-8841-42BC8A36371D}"
EndProject
Global
	GlobalSection(SolutionConfigurationPlatforms) = preSolution
		Debug|Any CPU = Debug|Any CPU
		Release|Any CPU = Release|Any CPU
	EndGlobalSection
	GlobalSection(ProjectConfigurationPlatforms) = postSolution
		{A708C042-3CB4-4302-8DF7-1BA0D9F83B40}.Debug|Any CPU.ActiveCfg = Debug|Any CPU
		{A708C042-3CB4-4302-8DF7-1BA0D9F83B40}.Debug|Any CPU.Build.0 = Debug|Any CPU
		{A708C042-3CB4-4302-8DF7-1BA0D9F83B40}.Release|Any CPU.ActiveCfg = Release|Any CPU
		{A708C042-3CB4-4302-8DF7-1BA0D9F83B40}.Release|Any CPU.Build.0 = Release|Any CPU
		{147DFF28-BB29-4B8B-8841-42BC8A36371D}.Debug|Any CPU.ActiveCfg = Debug|Any CPU
		{147DFF28-BB29-4B8B-8841-42BC8A36371D}.Debug|Any CPU.Build.0 = Debug|Any CPU
		{147DFF28-BB29-4B8B-8841-42BC8A36371D}.Release|Any CPU.ActiveCfg = Release|Any CPU
		{147DFF28-BB29-4B8B-8841-42BC8A36371D}.Release|Any CPU.Build.0 = Release|Any CPU
	EndGlobalSection
	GlobalSection(SolutionProperties) = preSolution
		HideSolutionNode = FALSE
	EndGlobalSection
	GlobalSection(ExtensibilityGlobals) = postSolution
		SolutionGuid = {1FA6D850-584D-4EA0-A7AC-6B83FDC72230}
	EndGlobalSection
EndGlobal
